
Microsoft Visual Studio Solution File, Format Version 12.00
# Visual Studio Version 17
VisualStudioVersion = 17.4.33205.214
MinimumVisualStudioVersion = 10.0.40219.1
Project("{FAE04EC0-301F-11D3-BF4B-00C04F79EFBC}") = "kalkulatorr", "kalkulatorr\kalkulatorr.csproj", "{A559C9DE-CBB5-437D-AFF5-8E4511D891FE}"
EndProject
Global
	GlobalSection(SolutionConfigurationPlatforms) = preSolution
		Debug|Any CPU = Debug|Any CPU
		Release|Any CPU = Release|Any CPU
	EndGlobalSection
	GlobalSection(ProjectConfigurationPlatforms) = postSolution
		{A559C9DE-CBB5-437D-AFF5-8E4511D891FE}.Debug|Any CPU.ActiveCfg = Debug|Any CPU
		{A559C9DE-CBB5-437D-AFF5-8E4511D891FE}.Debug|Any CPU.Build.0 = Debug|Any CPU
		{A559C9DE-CBB5-437D-AFF5-8E4511D891FE}.Release|Any CPU.ActiveCfg = Release|Any CPU
		{A559C9DE-CBB5-437D-AFF5-8E4511D891FE}.Release|Any CPU.Build.0 = Release|Any CPU
	EndGlobalSection
	GlobalSection(SolutionProperties) = preSolution
		HideSolutionNode = FALSE
	EndGlobalSection
	GlobalSection(ExtensibilityGlobals) = postSolution
		SolutionGuid = {BCAB9183-190B-4654-A9B4-B1930F302851}
	EndGlobalSection
EndGlobal
